
Microsoft Visual Studio Solution File, Format Version 12.00
# Visual Studio Version 16
VisualStudioVersion = 16.0.29324.140
MinimumVisualStudioVersion = 10.0.40219.1
Project("{8BC9CEB8-8B4A-11D0-8D11-00A0C91BC942}") = "serverForProject", "serverForProject\serverForProject.vcxproj", "{AE69F552-3CB3-4084-B7C2-88012AAE2B84}"
EndProject
Global
	GlobalSection(SolutionConfigurationPlatforms) = preSolution
		Debug|x64 = Debug|x64
		Debug|x86 = Debug|x86
		Release|x64 = Release|x64
		Release|x86 = Release|x86
	EndGlobalSection
	GlobalSection(ProjectConfigurationPlatforms) = postSolution
		{AE69F552-3CB3-4084-B7C2-88012AAE2B84}.Debug|x64.ActiveCfg = Debug|x64
		{AE69F552-3CB3-4084-B7C2-88012AAE2B84}.Debug|x64.Build.0 = Debug|x64
		{AE69F552-3CB3-4084-B7C2-88012AAE2B84}.Debug|x86.ActiveCfg = Debug|Win32
		{AE69F552-3CB3-4084-B7C2-88012AAE2B84}.Debug|x86.Build.0 = Debug|Win32
		{AE69F552-3CB3-4084-B7C2-88012AAE2B84}.Release|x64.ActiveCfg = Release|x64
		{AE69F552-3CB3-4084-B7C2-88012AAE2B84}.Release|x64.Build.0 = Release|x64
		{AE69F552-3CB3-4084-B7C2-88012AAE2B84}.Release|x86.ActiveCfg = Release|Win32
		{AE69F552-3CB3-4084-B7C2-88012AAE2B84}.Release|x86.Build.0 = Release|Win32
	EndGlobalSection
	GlobalSection(SolutionProperties) = preSolution
		HideSolutionNode = FALSE
	EndGlobalSection
	GlobalSection(ExtensibilityGlobals) = postSolution
		SolutionGuid = {5336F32D-2FEB-4F67-8C5A-E9172686F122}
	EndGlobalSection
EndGlobal
